
Microsoft Visual Studio Solution File, Format Version 12.00
# Visual Studio Version 17
VisualStudioVersion = 17.6.33723.286
MinimumVisualStudioVersion = 10.0.40219.1
Project("{FAE04EC0-301F-11D3-BF4B-00C04F79EFBC}") = "UFOrganizer", "UFOrganizer\UFOrganizer.csproj", "{BB5FCB72-8069-4FEE-B83F-BDD54B9FE918}"
EndProject
Global
	GlobalSection(SolutionConfigurationPlatforms) = preSolution
		Debug|Any CPU = Debug|Any CPU
		Release|Any CPU = Release|Any CPU
	EndGlobalSection
	GlobalSection(ProjectConfigurationPlatforms) = postSolution
		{BB5FCB72-8069-4FEE-B83F-BDD54B9FE918}.Debug|Any CPU.ActiveCfg = Debug|Any CPU
		{BB5FCB72-8069-4FEE-B83F-BDD54B9FE918}.Debug|Any CPU.Build.0 = Debug|Any CPU
		{BB5FCB72-8069-4FEE-B83F-BDD54B9FE918}.Release|Any CPU.ActiveCfg = Release|Any CPU
		{BB5FCB72-8069-4FEE-B83F-BDD54B9FE918}.Release|Any CPU.Build.0 = Release|Any CPU
	EndGlobalSection
	GlobalSection(SolutionProperties) = preSolution
		HideSolutionNode = FALSE
	EndGlobalSection
	GlobalSection(ExtensibilityGlobals) = postSolution
		SolutionGuid = {891768DC-A41D-4AA8-82B4-A066D3E2BA1F}
	EndGlobalSection
EndGlobal
